
Microsoft Visual Studio Solution File, Format Version 12.00
# Visual Studio Version 16
VisualStudioVersion = 16.0.30406.217
MinimumVisualStudioVersion = 10.0.40219.1
Project("{FAE04EC0-301F-11D3-BF4B-00C04F79EFBC}") = "ClienteZMQ", "ClienteZMQ\ClienteZMQ.csproj", "{8CF8D2FF-C86A-4519-A968-86A210154A47}"
EndProject
Global
	GlobalSection(SolutionConfigurationPlatforms) = preSolution
		Debug|Any CPU = Debug|Any CPU
		Release|Any CPU = Release|Any CPU
	EndGlobalSection
	GlobalSection(ProjectConfigurationPlatforms) = postSolution
		{8CF8D2FF-C86A-4519-A968-86A210154A47}.Debug|Any CPU.ActiveCfg = Debug|Any CPU
		{8CF8D2FF-C86A-4519-A968-86A210154A47}.Debug|Any CPU.Build.0 = Debug|Any CPU
		{8CF8D2FF-C86A-4519-A968-86A210154A47}.Release|Any CPU.ActiveCfg = Release|Any CPU
		{8CF8D2FF-C86A-4519-A968-86A210154A47}.Release|Any CPU.Build.0 = Release|Any CPU
	EndGlobalSection
	GlobalSection(SolutionProperties) = preSolution
		HideSolutionNode = FALSE
	EndGlobalSection
	GlobalSection(ExtensibilityGlobals) = postSolution
		SolutionGuid = {3EED59E5-FF36-48A2-91E9-2E4FFF91B7DA}
	EndGlobalSection
EndGlobal
